// !$*UTF8*$!
{
	archiveVersion = 1;
	classes = {
	};
	objectVersion = 50;
	objects = {

/* Begin PBXBuildFile section */
		832082A224068FA9008365C1 /* AppDelegate.swift in Sources */ = {isa = PBXBuildFile; fileRef = 832082A124068FA9008365C1 /* AppDelegate.swift */; };
		832082A624068FA9008365C1 /* ViewController.swift in Sources */ = {isa = PBXBuildFile; fileRef = 832082A524068FA9008365C1 /* ViewController.swift */; };
		832082A924068FA9008365C1 /* Main.storyboard in Resources */ = {isa = PBXBuildFile; fileRef = 832082A724068FA9008365C1 /* Main.storyboard */; };
		832082AB24068FAD008365C1 /* Assets.xcassets in Resources */ = {isa = PBXBuildFile; fileRef = 832082AA24068FAD008365C1 /* Assets.xcassets */; };
		832082AE24068FAD008365C1 /* LaunchScreen.storyboard in Resources */ = {isa = PBXBuildFile; fileRef = 832082AC24068FAD008365C1 /* LaunchScreen.storyboard */; };
		83D4D500240B1D480023B7AE /* trashNet.mlmodel in Sources */ = {isa = PBXBuildFile; fileRef = 83D4D4FF240B1D480023B7AE /* trashNet.mlmodel */; };
/* End PBXBuildFile section */

/* Begin PBXFileReference section */
		8320829E24068FA9008365C1 /* TrashSort.app */ = {isa = PBXFileReference; explicitFileType = wrapper.application; includeInIndex = 0; path = TrashSort.app; sourceTree = BUILT_PRODUCTS_DIR; };
		832082A124068FA9008365C1 /* AppDelegate.swift */ = {isa = PBXFileReference; lastKnownFileType = sourcecode.swift; path = AppDelegate.swift; sourceTree = "<group>"; };
		832082A524068FA9008365C1 /* ViewController.swift */ = {isa = PBXFileReference; lastKnownFileType = sourcecode.swift; path = ViewController.swift; sourceTree = "<group>"; };
		832082A824068FA9008365C1 /* Base */ = {isa = PBXFileReference; lastKnownFileType = file.storyboard; name = Base; path = Base.lproj/Main.storyboard; sourceTree = "<group>"; };
		832082AA24068FAD008365C1 /* Assets.xcassets */ = {isa = PBXFileReference; lastKnownFileType = folder.assetcatalog; path = Assets.xcassets; sourceTree = "<group>"; };
		832082AD24068FAD008365C1 /* Base */ = {isa = PBXFileReference; lastKnownFileType = file.storyboard; name = Base; path = Base.lproj/LaunchScreen.storyboard; sourceTree = "<group>"; };
		832082AF24068FAD008365C1 /* Info.plist */ = {isa = PBXFileReference; lastKnownFileType = text.plist.xml; path = Info.plist; sourceTree = "<group>"; };
		83D4D4FF240B1D480023B7AE /* trashNet.mlmodel */ = {isa = PBXFileReference; lastKnownFileType = file.mlmodel; path = trashNet.mlmodel; sourceTree = "<group>"; };
/* End PBXFileReference section */

/* Begin PBXFrameworksBuildPhase section */
		8320829B24068FA9008365C1 /* Frameworks */ = {
			isa = PBXFrameworksBuildPhase;
			buildActionMask = 2147483647;
			files = (
			);
			runOnlyForDeploymentPostprocessing = 0;
		};
/* End PBXFrameworksBuildPhase section */

/* Begin PBXGroup section */
		8320829524068FA9008365C1 = {
			isa = PBXGroup;
			children = (
				832082A024068FA9008365C1 /* TrashSort */,
				8320829F24068FA9008365C1 /* Products */,
			);
			sourceTree = "<group>";
		};
		8320829F24068FA9008365C1 /* Products */ = {
			isa = PBXGroup;
			children = (
				8320829E24068FA9008365C1 /* TrashSort.app */,
			);
			name = Products;
			sourceTree = "<group>";
		};
		832082A024068FA9008365C1 /* TrashSort */ = {
			isa = PBXGroup;
			children = (
				832082A124068FA9008365C1 /* AppDelegate.swift */,
				832082A524068FA9008365C1 /* ViewController.swift */,
				832082A724068FA9008365C1 /* Main.storyboard */,
				832082AA24068FAD008365C1 /* Assets.xcassets */,
				832082AC24068FAD008365C1 /* LaunchScreen.storyboard */,
				83D4D4FF240B1D480023B7AE /* trashNet.mlmodel */,
				832082AF24068FAD008365C1 /* Info.plist */,
			);
			path = TrashSort;
			sourceTree = "<group>";
		};
/* End PBXGroup section */

/* Begin PBXNativeTarget section */
		8320829D24068FA9008365C1 /* TrashSort */ = {
			isa = PBXNativeTarget;
			buildConfigurationList = 832082B224068FAD008365C1 /* Build configuration list for PBXNativeTarget "TrashSort" */;
			buildPhases = (
				8320829A24068FA9008365C1 /* Sources */,
				8320829B24068FA9008365C1 /* Frameworks */,
				8320829C24068FA9008365C1 /* Resources */,
			);
			buildRules = (
			);
			dependencies = (
			);
			name = TrashSort;
			productName = ObjectCapture;
			productReference = 8320829E24068FA9008365C1 /* TrashSort.app */;
			productType = "com.apple.product-type.application";
		};
/* End PBXNativeTarget section */

/* Begin PBXProject section */
		8320829624068FA9008365C1 /* Project object */ = {
			isa = PBXProject;
			attributes = {
				LastSwiftUpdateCheck = 1130;
				LastUpgradeCheck = 1130;
				ORGANIZATIONNAME = "Danil Kurilo";
				TargetAttributes = {
					8320829D24068FA9008365C1 = {
						CreatedOnToolsVersion = 11.3.1;
					};
				};
			};
			buildConfigurationList = 8320829924068FA9008365C1 /* Build configuration list for PBXProject "TrashSort" */;
			compatibilityVersion = "Xcode 9.3";
			developmentRegion = en;
			hasScannedForEncodings = 0;
			knownRegions = (
				en,
				Base,
			);
			mainGroup = 8320829524068FA9008365C1;
			productRefGroup = 8320829F24068FA9008365C1 /* Products */;
			projectDirPath = "";
			projectRoot = "";
			targets = (
				8320829D24068FA9008365C1 /* TrashSort */,
			);
		};
/* End PBXProject section */

/* Begin PBXResourcesBuildPhase section */
		8320829C24068FA9008365C1 /* Resources */ = {
			isa = PBXResourcesBuildPhase;
			buildActionMask = 2147483647;
			files = (
				832082AE24068FAD008365C1 /* LaunchScreen.storyboard in Resources */,
				832082AB24068FAD008365C1 /* Assets.xcassets in Resources */,
				832082A924068FA9008365C1 /* Main.storyboard in Resources */,
			);
			runOnlyForDeploymentPostprocessing = 0;
		};
/* End PBXResourcesBuildPhase section */

/* Begin PBXSourcesBuildPhase section */
		8320829A24068FA9008365C1 /* Sources */ = {
			isa = PBXSourcesBuildPhase;
			buildActionMask = 2147483647;
			files = (
				832082A624068FA9008365C1 /* ViewController.swift in Sources */,
				83D4D500240B1D480023B7AE /* trashNet.mlmodel in Sources */,
				832082A224068FA9008365C1 /* AppDelegate.swift in Sources */,
			);
			runOnlyForDeploymentPostprocessing = 0;
		};
/* End PBXSourcesBuildPhase section */

/* Begin PBXVariantGroup section */
		832082A724068FA9008365C1 /* Main.storyboard */ = {
			isa = PBXVariantGroup;
			children = (
				832082A824068FA9008365C1 /* Base */,
			);
			name = Main.storyboard;
			sourceTree = "<group>";
		};
		832082AC24068FAD008365C1 /* LaunchScreen.storyboard */ = {
			isa = PBXVariantGroup;
			children = (
				832082AD24068FAD008365C1 /* Base */,
			);
			name = LaunchScreen.storyboard;
			sourceTree = "<group>";
		};
/* End PBXVariantGroup section */

/* Begin XCBuildConfiguration section */
		832082B024068FAD008365C1 /* Debug */ = {
			isa = XCBuildConfiguration;
			buildSettings = {
				ALWAYS_SEARCH_USER_PATHS = NO;
				CLANG_ANALYZER_NONNULL = YES;
				CLANG_ANALYZER_NUMBER_OBJECT_CONVERSION = YES_AGGRESSIVE;
				CLANG_CXX_LANGUAGE_STANDARD = "gnu++14";
				CLANG_CXX_LIBRARY = "libc++";
				CLANG_ENABLE_MODULES = YES;
				CLANG_ENABLE_OBJC_ARC = YES;
				CLANG_ENABLE_OBJC_WEAK = YES;
				CLANG_WARN_BLOCK_CAPTURE_AUTORELEASING = YES;
				CLANG_WARN_BOOL_CONVERSION = YES;
				CLANG_WARN_COMMA = YES;
				CLANG_WARN_CONSTANT_CONVERSION = YES;
				CLANG_WARN_DEPRECATED_OBJC_IMPLEMENTATIONS = YES;
				CLANG_WARN_DIRECT_OBJC_ISA_USAGE = YES_ERROR;
				CLANG_WARN_DOCUMENTATION_COMMENTS = YES;
				CLANG_WARN_EMPTY_BODY = YES;
				CLANG_WARN_ENUM_CONVERSION = YES;
				CLANG_WARN_INFINITE_RECURSION = YES;
				CLANG_WARN_INT_CONVERSION = YES;
				CLANG_WARN_NON_LITERAL_NULL_CONVERSION = YES;
				CLANG_WARN_OBJC_IMPLICIT_RETAIN_SELF = YES;
				CLANG_WARN_OBJC_LITERAL_CONVERSION = YES;
				CLANG_WARN_OBJC_ROOT_CLASS = YES_ERROR;
				CLANG_WARN_RANGE_LOOP_ANALYSIS = YES;
				CLANG_WARN_STRICT_PROTOTYPES = YES;
				CLANG_WARN_SUSPICIOUS_MOVE = YES;
				CLANG_WARN_UNGUARDED_AVAILABILITY = YES_AGGRESSIVE;
				CLANG_WARN_UNREACHABLE_CODE = YES;
				CLANG_WARN__DUPLICATE_METHOD_MATCH = YES;
				COPY_PHASE_STRIP = NO;
				DEBUG_INFORMATION_FORMAT = dwarf;
				ENABLE_STRICT_OBJC_MSGSEND = YES;
				ENABLE_TESTABILITY = YES;
				GCC_C_LANGUAGE_STANDARD = gnu11;
				GCC_DYNAMIC_NO_PIC = NO;
				GCC_NO_COMMON_BLOCKS = YES;
				GCC_OPTIMIZATION_LEVEL = 0;
				GCC_PREPROCESSOR_DEFINITIONS = (
					"DEBUG=1",
					"$(inherited)",
				);
				GCC_WARN_64_TO_32_BIT_CONVERSION = YES;
				GCC_WARN_ABOUT_RETURN_TYPE = YES_ERROR;
				GCC_WARN_UNDECLARED_SELECTOR = YES;
				GCC_WARN_UNINITIALIZED_AUTOS = YES_AGGRESSIVE;
				GCC_WARN_UNUSED_FUNCTION = YES;
				GCC_WARN_UNUSED_VARIABLE = YES;
				IPHONEOS_DEPLOYMENT_TARGET = 13.2;
				MTL_ENABLE_DEBUG_INFO = INCLUDE_SOURCE;
				MTL_FAST_MATH = YES;
				ONLY_ACTIVE_ARCH = YES;
				SDKROOT = iphoneos;
				SWIFT_ACTIVE_COMPILATION_CONDITIONS = DEBUG;
				SWIFT_OPTIMIZATION_LEVEL = "-Onone";
			};
			name = Debug;
		};
		832082B124068FAD008365C1 /* Release */ = {
			isa = XCBuildConfiguration;
			buildSettings = {
				ALWAYS_SEARCH_USER_PATHS = NO;
				CLANG_ANALYZER_NONNULL = YES;
				CLANG_ANALYZER_NUMBER_OBJECT_CONVERSION = YES_AGGRESSIVE;
				CLANG_CXX_LANGUAGE_STANDARD = "gnu++14";
				CLANG_CXX_LIBRARY = "libc++";
				CLANG_ENABLE_MODULES = YES;
				CLANG_ENABLE_OBJC_ARC = YES;
				CLANG_ENABLE_OBJC_WEAK = YES;
				CLANG_WARN_BLOCK_CAPTURE_AUTORELEASING = YES;
				CLANG_WARN_BOOL_CONVERSION = YES;
				CLANG_WARN_COMMA = YES;
				CLANG_WARN_CONSTANT_CONVERSION = YES;
				CLANG_WARN_DEPRECATED_OBJC_IMPLEMENTATIONS = YES;
				CLANG_WARN_DIRECT_OBJC_ISA_USAGE = YES_ERROR;
				CLANG_WARN_DOCUMENTATION_COMMENTS = YES;
				CLANG_WARN_EMPTY_BODY = YES;
				CLANG_WARN_ENUM_CONVERSION = YES;
				CLANG_WARN_INFINITE_RECURSION = YES;
				CLANG_WARN_INT_CONVERSION = YES;
				CLANG_WARN_NON_LITERAL_NULL_CONVERSION = YES;
				CLANG_WARN_OBJC_IMPLICIT_RETAIN_SELF = YES;
				CLANG_WARN_OBJC_LITERAL_CONVERSION = YES;
				CLANG_WARN_OBJC_ROOT_CLASS = YES_ERROR;
				CLANG_WARN_RANGE_LOOP_ANALYSIS = YES;
				CLANG_WARN_STRICT_PROTOTYPES = YES;
				CLANG_WARN_SUSPICIOUS_MOVE = YES;
				CLANG_WARN_UNGUARDED_AVAILABILITY = YES_AGGRESSIVE;
				CLANG_WARN_UNREACHABLE_CODE = YES;
				CLANG_WARN__DUPLICATE_METHOD_MATCH = YES;
				COPY_PHASE_STRIP = NO;
				DEBUG_INFORMATION_FORMAT = "dwarf-with-dsym";
				ENABLE_NS_ASSERTIONS = NO;
				ENABLE_STRICT_OBJC_MSGSEND = YES;
				GCC_C_LANGUAGE_STANDARD = gnu11;
				GCC_NO_COMMON_BLOCKS = YES;
				GCC_WARN_64_TO_32_BIT_CONVERSION = YES;
				GCC_WARN_ABOUT_RETURN_TYPE = YES_ERROR;
				GCC_WARN_UNDECLARED_SELECTOR = YES;
				GCC_WARN_UNINITIALIZED_AUTOS = YES_AGGRESSIVE;
				GCC_WARN_UNUSED_FUNCTION = YES;
				GCC_WARN_UNUSED_VARIABLE = YES;
				IPHONEOS_DEPLOYMENT_TARGET = 13.2;
				MTL_ENABLE_DEBUG_INFO = NO;
				MTL_FAST_MATH = YES;
				SDKROOT = iphoneos;
				SWIFT_COMPILATION_MODE = wholemodule;
				SWIFT_OPTIMIZATION_LEVEL = "-O";
				VALIDATE_PRODUCT = YES;
			};
			name = Release;
		};
		832082B324068FAD008365C1 /* Debug */ = {
			isa = XCBuildConfiguration;
			buildSettings = {
				ASSETCATALOG_COMPILER_APPICON_NAME = AppIcon;
				CODE_SIGN_STYLE = Automatic;
				DEVELOPMENT_TEAM = 4QF3988KG3;
				INFOPLIST_FILE = TrashSort/Info.plist;
				IPHONEOS_DEPLOYMENT_TARGET = 12.0;
				LD_RUNPATH_SEARCH_PATHS = (
					"$(inherited)",
					"@executable_path/Frameworks",
				);
				PRODUCT_BUNDLE_IDENTIFIER = dkurylo.TrashSort;
				PRODUCT_NAME = "$(TARGET_NAME)";
				SWIFT_VERSION = 5.0;
				TARGETED_DEVICE_FAMILY = "1,2";
			};
			name = Debug;
		};
		832082B424068FAD008365C1 /* Release */ = {
			isa = XCBuildConfiguration;
			buildSettings = {
				ASSETCATALOG_COMPILER_APPICON_NAME = AppIcon;
				CODE_SIGN_STYLE = Automatic;
				DEVELOPMENT_TEAM = 4QF3988KG3;
				INFOPLIST_FILE = TrashSort/Info.plist;
				IPHONEOS_DEPLOYMENT_TARGET = 12.0;
				LD_RUNPATH_SEARCH_PATHS = (
					"$(inherited)",
					"@executable_path/Frameworks",
				);
				PRODUCT_BUNDLE_IDENTIFIER = dkurylo.TrashSort;
				PRODUCT_NAME = "$(TARGET_NAME)";
				SWIFT_VERSION = 5.0;
				TARGETED_DEVICE_FAMILY = "1,2";
			};
			name = Release;
		};
/* End XCBuildConfiguration section */

/* Begin XCConfigurationList section */
		8320829924068FA9008365C1 /* Build configuration list for PBXProject "TrashSort" */ = {
			isa = XCConfigurationList;
			buildConfigurations = (
				832082B024068FAD008365C1 /* Debug */,
				832082B124068FAD008365C1 /* Release */,
			);
			defaultConfigurationIsVisible = 0;
			defaultConfigurationName = Release;
		};
		832082B224068FAD008365C1 /* Build configuration list for PBXNativeTarget "TrashSort" */ = {
			isa = XCConfigurationList;
			buildConfigurations = (
				832082B324068FAD008365C1 /* Debug */,
				832082B424068FAD008365C1 /* Release */,
			);
			defaultConfigurationIsVisible = 0;
			defaultConfigurationName = Release;
		};
/* End XCConfigurationList section */
	};
	rootObject = 8320829624068FA9008365C1 /* Project object */;
}
